Microsoft Visual Studio Solution File, Format Version 11.00
# Visual Studio 2008

Project("{E1771322-3AEF-4439-FBB4-5C9D967AF255}") = "Week3Controller", "Assembly-CSharp-firstpass.csproj", "{D78A9774-7C29-6FA7-9292-3C3613623A69}"
EndProject
Project("{E1771322-3AEF-4439-FBB4-5C9D967AF255}") = "Week3Controller", "Assembly-CSharp.csproj", "{CAA0C0C9-87B0-3BE9-CAE6-65E0F06AE7D2}"
EndProject
Project("{E1771322-3AEF-4439-FBB4-5C9D967AF255}") = "Week3Controller", "Assembly-UnityScript-firstpass.unityproj", "{0D38BE66-7E0F-EFF6-079C-10A58EACA1CB}"
EndProject
Project("{E1771322-3AEF-4439-FBB4-5C9D967AF255}") = "Week3Controller", "Assembly-UnityScript.unityproj", "{CA44B882-331C-A60D-E5EB-5B374DC4CA90}"
EndProject
Global
	GlobalSection(SolutionConfigurationPlatforms) = preSolution
		Debug|Any CPU = Debug|Any CPU
		Release|Any CPU = Release|Any CPU
	EndGlobalSection
	GlobalSection(ProjectConfigurationPlatforms) = postSolution
		{D78A9774-7C29-6FA7-9292-3C3613623A69}.Debug|Any CPU.ActiveCfg = Debug|Any CPU
		{D78A9774-7C29-6FA7-9292-3C3613623A69}.Debug|Any CPU.Build.0 = Debug|Any CPU
		{D78A9774-7C29-6FA7-9292-3C3613623A69}.Release|Any CPU.ActiveCfg = Release|Any CPU
		{D78A9774-7C29-6FA7-9292-3C3613623A69}.Release|Any CPU.Build.0 = Release|Any CPU
		{CAA0C0C9-87B0-3BE9-CAE6-65E0F06AE7D2}.Debug|Any CPU.ActiveCfg = Debug|Any CPU
		{CAA0C0C9-87B0-3BE9-CAE6-65E0F06AE7D2}.Debug|Any CPU.Build.0 = Debug|Any CPU
		{CAA0C0C9-87B0-3BE9-CAE6-65E0F06AE7D2}.Release|Any CPU.ActiveCfg = Release|Any CPU
		{CAA0C0C9-87B0-3BE9-CAE6-65E0F06AE7D2}.Release|Any CPU.Build.0 = Release|Any CPU
		{0D38BE66-7E0F-EFF6-079C-10A58EACA1CB}.Debug|Any CPU.ActiveCfg = Debug|Any CPU
		{0D38BE66-7E0F-EFF6-079C-10A58EACA1CB}.Debug|Any CPU.Build.0 = Debug|Any CPU
		{0D38BE66-7E0F-EFF6-079C-10A58EACA1CB}.Release|Any CPU.ActiveCfg = Release|Any CPU
		{0D38BE66-7E0F-EFF6-079C-10A58EACA1CB}.Release|Any CPU.Build.0 = Release|Any CPU
		{CA44B882-331C-A60D-E5EB-5B374DC4CA90}.Debug|Any CPU.ActiveCfg = Debug|Any CPU
		{CA44B882-331C-A60D-E5EB-5B374DC4CA90}.Debug|Any CPU.Build.0 = Debug|Any CPU
		{CA44B882-331C-A60D-E5EB-5B374DC4CA90}.Release|Any CPU.ActiveCfg = Release|Any CPU
		{CA44B882-331C-A60D-E5EB-5B374DC4CA90}.Release|Any CPU.Build.0 = Release|Any CPU
	EndGlobalSection
	GlobalSection(SolutionProperties) = preSolution
		HideSolutionNode = FALSE
	EndGlobalSection
								GlobalSection(MonoDevelopProperties) = preSolution
		StartupItem = Assembly-CSharp.csproj
		Policies = $0
		$0.TextStylePolicy = $1
		$1.inheritsSet = null
		$1.scope = text/x-csharp
		$0.CSharpFormattingPolicy = $2
		$2.inheritsSet = Mono
		$2.inheritsScope = text/x-csharp
		$2.scope = text/x-csharp
		$0.TextStylePolicy = $3
		$3.FileWidth = 120
		$3.TabWidth = 4
		$3.EolMarker = Unix
		$3.inheritsSet = Mono
		$3.inheritsScope = text/plain
		$3.scope = text/plain
	EndGlobalSection

EndGlobal
